
Microsoft Visual Studio Solution File, Format Version 12.00
# Visual Studio 15
Project("{FAE04EC0-301F-11D3-BF4B-00C04F79EFBC}") = "Assembly-CSharp", "Assembly-CSharp.csproj", "{B969CC13-B5BF-4B3F-B643-C39C7E6DDC3C}"
EndProject
Project("{FAE04EC0-301F-11D3-BF4B-00C04F79EFBC}") = "Assembly-CSharp-Editor", "Assembly-CSharp-Editor.csproj", "{9FFDF46A-3758-089C-5FBA-782201741322}"
EndProject
Global
	GlobalSection(SolutionConfigurationPlatforms) = preSolution
		Debug|Any CPU = Debug|Any CPU
		Release|Any CPU = Release|Any CPU
	EndGlobalSection
	GlobalSection(ProjectConfigurationPlatforms) = postSolution
		{B969CC13-B5BF-4B3F-B643-C39C7E6DDC3C}.Debug|Any CPU.ActiveCfg = Debug|Any CPU
		{B969CC13-B5BF-4B3F-B643-C39C7E6DDC3C}.Debug|Any CPU.Build.0 = Debug|Any CPU
		{B969CC13-B5BF-4B3F-B643-C39C7E6DDC3C}.Release|Any CPU.ActiveCfg = Release|Any CPU
		{B969CC13-B5BF-4B3F-B643-C39C7E6DDC3C}.Release|Any CPU.Build.0 = Release|Any CPU
		{9FFDF46A-3758-089C-5FBA-782201741322}.Debug|Any CPU.ActiveCfg = Debug|Any CPU
		{9FFDF46A-3758-089C-5FBA-782201741322}.Debug|Any CPU.Build.0 = Debug|Any CPU
		{9FFDF46A-3758-089C-5FBA-782201741322}.Release|Any CPU.ActiveCfg = Release|Any CPU
		{9FFDF46A-3758-089C-5FBA-782201741322}.Release|Any CPU.Build.0 = Release|Any CPU
	EndGlobalSection
	GlobalSection(SolutionProperties) = preSolution
		HideSolutionNode = FALSE
	EndGlobalSection
EndGlobal
